
Microsoft Visual Studio Solution File, Format Version 11.00
# Visual Studio 2010
Project("{FAE04EC0-301F-11D3-BF4B-00C04F79EFBC}") = "SkyShoot.Contracts", "SkyShoot.Contracts\SkyShoot.Contracts.csproj", "{27DFF06E-1942-47CE-8BF4-02F7CB108F6A}"
EndProject
Project("{FAE04EC0-301F-11D3-BF4B-00C04F79EFBC}") = "SkyShoot.Service", "SkyShoot.Service\SkyShoot.Service.csproj", "{62C758FD-8BF4-42E4-9747-7926D8824506}"
EndProject
Project("{CC5FD16D-436D-48AD-A40C-5A424C6E3E79}") = "SkyShoot.AzureServer", "SkyShoot.AzureServer\SkyShoot.AzureServer.ccproj", "{ECA63E7E-751E-4BD1-A35E-24FD0CF6B55D}"
EndProject
Global
	GlobalSection(SolutionConfigurationPlatforms) = preSolution
		Debug|Any CPU = Debug|Any CPU
		Release|Any CPU = Release|Any CPU
	EndGlobalSection
	GlobalSection(ProjectConfigurationPlatforms) = postSolution
		{27DFF06E-1942-47CE-8BF4-02F7CB108F6A}.Debug|Any CPU.ActiveCfg = Debug|Any CPU
		{27DFF06E-1942-47CE-8BF4-02F7CB108F6A}.Debug|Any CPU.Build.0 = Debug|Any CPU
		{27DFF06E-1942-47CE-8BF4-02F7CB108F6A}.Release|Any CPU.ActiveCfg = Release|Any CPU
		{27DFF06E-1942-47CE-8BF4-02F7CB108F6A}.Release|Any CPU.Build.0 = Release|Any CPU
		{62C758FD-8BF4-42E4-9747-7926D8824506}.Debug|Any CPU.ActiveCfg = Debug|Any CPU
		{62C758FD-8BF4-42E4-9747-7926D8824506}.Debug|Any CPU.Build.0 = Debug|Any CPU
		{62C758FD-8BF4-42E4-9747-7926D8824506}.Release|Any CPU.ActiveCfg = Release|Any CPU
		{62C758FD-8BF4-42E4-9747-7926D8824506}.Release|Any CPU.Build.0 = Release|Any CPU
		{ECA63E7E-751E-4BD1-A35E-24FD0CF6B55D}.Debug|Any CPU.ActiveCfg = Debug|Any CPU
		{ECA63E7E-751E-4BD1-A35E-24FD0CF6B55D}.Debug|Any CPU.Build.0 = Debug|Any CPU
		{ECA63E7E-751E-4BD1-A35E-24FD0CF6B55D}.Release|Any CPU.ActiveCfg = Release|Any CPU
		{ECA63E7E-751E-4BD1-A35E-24FD0CF6B55D}.Release|Any CPU.Build.0 = Release|Any CPU
	EndGlobalSection
	GlobalSection(SolutionProperties) = preSolution
		HideSolutionNode = FALSE
	EndGlobalSection
EndGlobal
