
Microsoft Visual Studio Solution File, Format Version 11.00
# Visual Studio 2010
Project("{FAE04EC0-301F-11D3-BF4B-00C04F79EFBC}") = "Prime_numbers", "Prime_numbers\Prime_numbers.csproj", "{4A1B0252-AE02-4790-9B4A-0D8C93F95821}"
EndProject
Global
	GlobalSection(SolutionConfigurationPlatforms) = preSolution
		Debug|x86 = Debug|x86
		Release|x86 = Release|x86
	EndGlobalSection
	GlobalSection(ProjectConfigurationPlatforms) = postSolution
		{4A1B0252-AE02-4790-9B4A-0D8C93F95821}.Debug|x86.ActiveCfg = Debug|x86
		{4A1B0252-AE02-4790-9B4A-0D8C93F95821}.Debug|x86.Build.0 = Debug|x86
		{4A1B0252-AE02-4790-9B4A-0D8C93F95821}.Release|x86.ActiveCfg = Release|x86
		{4A1B0252-AE02-4790-9B4A-0D8C93F95821}.Release|x86.Build.0 = Release|x86
	EndGlobalSection
	GlobalSection(SolutionProperties) = preSolution
		HideSolutionNode = FALSE
	EndGlobalSection
EndGlobal
